
Microsoft Visual Studio Solution File, Format Version 12.00
# Visual Studio 15
VisualStudioVersion = 15.0.28010.2026
MinimumVisualStudioVersion = 10.0.40219.1
Project("{FAE04EC0-301F-11D3-BF4B-00C04F79EFBC}") = "BolCreacionComponentes", "BolCreacionComponentes\BolCreacionComponentes.csproj", "{A5688CC0-53B4-45E3-8EF5-6041D7C5A080}"
EndProject
Global
	GlobalSection(SolutionConfigurationPlatforms) = preSolution
		Debug|Any CPU = Debug|Any CPU
		Release|Any CPU = Release|Any CPU
	EndGlobalSection
	GlobalSection(ProjectConfigurationPlatforms) = postSolution
		{A5688CC0-53B4-45E3-8EF5-6041D7C5A080}.Debug|Any CPU.ActiveCfg = Debug|Any CPU
		{A5688CC0-53B4-45E3-8EF5-6041D7C5A080}.Debug|Any CPU.Build.0 = Debug|Any CPU
		{A5688CC0-53B4-45E3-8EF5-6041D7C5A080}.Release|Any CPU.ActiveCfg = Release|Any CPU
		{A5688CC0-53B4-45E3-8EF5-6041D7C5A080}.Release|Any CPU.Build.0 = Release|Any CPU
	EndGlobalSection
	GlobalSection(SolutionProperties) = preSolution
		HideSolutionNode = FALSE
	EndGlobalSection
	GlobalSection(ExtensibilityGlobals) = postSolution
		SolutionGuid = {E2856119-BA54-439A-BAAC-F41DB90AC4EE}
	EndGlobalSection
EndGlobal
