
Microsoft Visual Studio Solution File, Format Version 12.00
# Visual Studio 15
VisualStudioVersion = 15.0.28010.2026
MinimumVisualStudioVersion = 10.0.40219.1
Project("{FAE04EC0-301F-11D3-BF4B-00C04F79EFBC}") = "Pruebas", "Componentes\Pruebas.csproj", "{2B80D0FA-0D51-4F17-AAD3-E26C1EC9B9BC}"
EndProject
Global
	GlobalSection(SolutionConfigurationPlatforms) = preSolution
		Debug|Any CPU = Debug|Any CPU
		Release|Any CPU = Release|Any CPU
	EndGlobalSection
	GlobalSection(ProjectConfigurationPlatforms) = postSolution
		{2B80D0FA-0D51-4F17-AAD3-E26C1EC9B9BC}.Debug|Any CPU.ActiveCfg = Debug|Any CPU
		{2B80D0FA-0D51-4F17-AAD3-E26C1EC9B9BC}.Debug|Any CPU.Build.0 = Debug|Any CPU
		{2B80D0FA-0D51-4F17-AAD3-E26C1EC9B9BC}.Release|Any CPU.ActiveCfg = Release|Any CPU
		{2B80D0FA-0D51-4F17-AAD3-E26C1EC9B9BC}.Release|Any CPU.Build.0 = Release|Any CPU
	EndGlobalSection
	GlobalSection(SolutionProperties) = preSolution
		HideSolutionNode = FALSE
	EndGlobalSection
	GlobalSection(ExtensibilityGlobals) = postSolution
		SolutionGuid = {E2856119-BA54-439A-BAAC-F41DB90AC4EE}
	EndGlobalSection
EndGlobal
